
Microsoft Visual Studio Solution File, Format Version 12.00
# Visual Studio Version 17
VisualStudioVersion = 17.5.33516.290
MinimumVisualStudioVersion = 10.0.40219.1
Project("{FAE04EC0-301F-11D3-BF4B-00C04F79EFBC}") = "BigProject", "BigProject.csproj", "{46986893-E94C-48BE-9141-FB3761BEBFAA}"
EndProject
Global
	GlobalSection(SolutionConfigurationPlatforms) = preSolution
		Debug|Any CPU = Debug|Any CPU
		Release|Any CPU = Release|Any CPU
	EndGlobalSection
	GlobalSection(ProjectConfigurationPlatforms) = postSolution
		{46986893-E94C-48BE-9141-FB3761BEBFAA}.Debug|Any CPU.ActiveCfg = Debug|Any CPU
		{46986893-E94C-48BE-9141-FB3761BEBFAA}.Debug|Any CPU.Build.0 = Debug|Any CPU
		{46986893-E94C-48BE-9141-FB3761BEBFAA}.Release|Any CPU.ActiveCfg = Release|Any CPU
		{46986893-E94C-48BE-9141-FB3761BEBFAA}.Release|Any CPU.Build.0 = Release|Any CPU
	EndGlobalSection
	GlobalSection(SolutionProperties) = preSolution
		HideSolutionNode = FALSE
	EndGlobalSection
	GlobalSection(ExtensibilityGlobals) = postSolution
		SolutionGuid = {FE7F8B6D-48CA-43D6-BE78-CB886AAA2D5C}
	EndGlobalSection
EndGlobal
